uuid: b9ca8110-052d-453f-beae-f6696b0369ac
langcode: en
status: true
dependencies:
  content:
    - 'block_content:basic:df3ca853-dc9b-4e4f-9570-8fb3e0aa7443'
  module:
    - block_content
  theme:
    - rsd_district
id: clock
theme: rsd_district
region: ds_ticker
weight: 0
provider: null
plugin: 'block_content:df3ca853-dc9b-4e4f-9570-8fb3e0aa7443'
settings:
  id: 'block_content:df3ca853-dc9b-4e4f-9570-8fb3e0aa7443'
  label: Clock
  provider: block_content
  label_display: visible
  status: true
  info: ''
  view_mode: full
visibility: {  }
