uuid: b04eb8f0-27ad-4095-8550-2fc4380d2828
langcode: en
status: true
dependencies:
  content:
    - 'block_content:basic:d4756e63-6b6b-49ed-8170-e01dd49ac14a'
  module:
    - block_content
  theme:
    - rsd_district
id: accessibilitybuttonblock
theme: rsd_district
region: top_header
weight: 0
provider: null
plugin: 'block_content:d4756e63-6b6b-49ed-8170-e01dd49ac14a'
settings:
  id: 'block_content:d4756e63-6b6b-49ed-8170-e01dd49ac14a'
  label: 'Accessibility Button Block'
  label_display: '0'
  provider: block_content
  status: true
  info: ''
  view_mode: full
visibility: {  }
